
Microsoft Visual Studio Solution File, Format Version 12.00
Project("{FAE04EC0-301F-11D3-BF4B-00C04F79EFBC}") = "SessionLogger.Api", "SessionLogger.Api\SessionLogger.Api.csproj", "{B85F63CC-7072-476E-B6C0-1310EB3A0E9D}"
EndProject
Project("{2150E333-8FDC-42A3-9474-1A3956D46DE8}") = "Solution Items", "Solution Items", "{9E6B88D0-2797-4DBC-94ED-8014411C0D6D}"
	ProjectSection(SolutionItems) = preProject
		docker-compose.yml = docker-compose.yml
		README.md = README.md
	EndProjectSection
EndProject
Project("{FAE04EC0-301F-11D3-BF4B-00C04F79EFBC}") = "SessionLogger.Application", "SessionLogger.Application\SessionLogger.Application.csproj", "{6052993F-8609-4FA7-856C-5376FF3CE3B7}"
EndProject
Project("{FAE04EC0-301F-11D3-BF4B-00C04F79EFBC}") = "SessionLogger.Domain", "SessionLogger.Domain\SessionLogger.Domain.csproj", "{E68D4AB2-9712-495E-B4FB-956CADB58017}"
EndProject
Project("{FAE04EC0-301F-11D3-BF4B-00C04F79EFBC}") = "SessionLogger.Infrastructure", "SessionLogger.Infrastructure\SessionLogger.Infrastructure.csproj", "{17FB71C0-88B7-4932-BBB7-519662B5EC03}"
EndProject
Project("{FAE04EC0-301F-11D3-BF4B-00C04F79EFBC}") = "SessionLogger.Persistence", "SessionLogger.Persistence\SessionLogger.Persistence.csproj", "{4249A577-F467-43EB-9467-726F3C5ADF4B}"
EndProject
Project("{2150E333-8FDC-42A3-9474-1A3956D46DE8}") = "Hosts", "Hosts", "{958FEB3C-DA37-4905-BFFC-57EDFB783DCB}"
EndProject
Project("{FAE04EC0-301F-11D3-BF4B-00C04F79EFBC}") = "SessionLogger.UnitTests", "SessionLogger.UnitTests\SessionLogger.UnitTests.csproj", "{BC68E79D-26E1-4B4E-BAEF-9A4C5235F0EB}"
EndProject
Project("{2150E333-8FDC-42A3-9474-1A3956D46DE8}") = "Tests", "Tests", "{FAF023F1-ADB4-455B-BAAF-D226F54E0E5C}"
EndProject
Project("{FAE04EC0-301F-11D3-BF4B-00C04F79EFBC}") = "SessionLogger.IntegrationTests", "SessionLogger.IntegrationTests\SessionLogger.IntegrationTests.csproj", "{28483BAB-8378-456D-A309-C5164B4FB4AD}"
EndProject
Global
	GlobalSection(SolutionConfigurationPlatforms) = preSolution
		Debug|Any CPU = Debug|Any CPU
		Release|Any CPU = Release|Any CPU
	EndGlobalSection
	GlobalSection(ProjectConfigurationPlatforms) = postSolution
		{B85F63CC-7072-476E-B6C0-1310EB3A0E9D}.Debug|Any CPU.ActiveCfg = Debug|Any CPU
		{B85F63CC-7072-476E-B6C0-1310EB3A0E9D}.Debug|Any CPU.Build.0 = Debug|Any CPU
		{B85F63CC-7072-476E-B6C0-1310EB3A0E9D}.Release|Any CPU.ActiveCfg = Release|Any CPU
		{B85F63CC-7072-476E-B6C0-1310EB3A0E9D}.Release|Any CPU.Build.0 = Release|Any CPU
		{6052993F-8609-4FA7-856C-5376FF3CE3B7}.Debug|Any CPU.ActiveCfg = Debug|Any CPU
		{6052993F-8609-4FA7-856C-5376FF3CE3B7}.Debug|Any CPU.Build.0 = Debug|Any CPU
		{6052993F-8609-4FA7-856C-5376FF3CE3B7}.Release|Any CPU.ActiveCfg = Release|Any CPU
		{6052993F-8609-4FA7-856C-5376FF3CE3B7}.Release|Any CPU.Build.0 = Release|Any CPU
		{E68D4AB2-9712-495E-B4FB-956CADB58017}.Debug|Any CPU.ActiveCfg = Debug|Any CPU
		{E68D4AB2-9712-495E-B4FB-956CADB58017}.Debug|Any CPU.Build.0 = Debug|Any CPU
		{E68D4AB2-9712-495E-B4FB-956CADB58017}.Release|Any CPU.ActiveCfg = Release|Any CPU
		{E68D4AB2-9712-495E-B4FB-956CADB58017}.Release|Any CPU.Build.0 = Release|Any CPU
		{17FB71C0-88B7-4932-BBB7-519662B5EC03}.Debug|Any CPU.ActiveCfg = Debug|Any CPU
		{17FB71C0-88B7-4932-BBB7-519662B5EC03}.Debug|Any CPU.Build.0 = Debug|Any CPU
		{17FB71C0-88B7-4932-BBB7-519662B5EC03}.Release|Any CPU.ActiveCfg = Release|Any CPU
		{17FB71C0-88B7-4932-BBB7-519662B5EC03}.Release|Any CPU.Build.0 = Release|Any CPU
		{4249A577-F467-43EB-9467-726F3C5ADF4B}.Debug|Any CPU.ActiveCfg = Debug|Any CPU
		{4249A577-F467-43EB-9467-726F3C5ADF4B}.Debug|Any CPU.Build.0 = Debug|Any CPU
		{4249A577-F467-43EB-9467-726F3C5ADF4B}.Release|Any CPU.ActiveCfg = Release|Any CPU
		{4249A577-F467-43EB-9467-726F3C5ADF4B}.Release|Any CPU.Build.0 = Release|Any CPU
		{BC68E79D-26E1-4B4E-BAEF-9A4C5235F0EB}.Debug|Any CPU.ActiveCfg = Debug|Any CPU
		{BC68E79D-26E1-4B4E-BAEF-9A4C5235F0EB}.Debug|Any CPU.Build.0 = Debug|Any CPU
		{BC68E79D-26E1-4B4E-BAEF-9A4C5235F0EB}.Release|Any CPU.ActiveCfg = Release|Any CPU
		{BC68E79D-26E1-4B4E-BAEF-9A4C5235F0EB}.Release|Any CPU.Build.0 = Release|Any CPU
		{28483BAB-8378-456D-A309-C5164B4FB4AD}.Debug|Any CPU.ActiveCfg = Debug|Any CPU
		{28483BAB-8378-456D-A309-C5164B4FB4AD}.Debug|Any CPU.Build.0 = Debug|Any CPU
		{28483BAB-8378-456D-A309-C5164B4FB4AD}.Release|Any CPU.ActiveCfg = Release|Any CPU
		{28483BAB-8378-456D-A309-C5164B4FB4AD}.Release|Any CPU.Build.0 = Release|Any CPU
	EndGlobalSection
	GlobalSection(NestedProjects) = preSolution
		{B85F63CC-7072-476E-B6C0-1310EB3A0E9D} = {958FEB3C-DA37-4905-BFFC-57EDFB783DCB}
		{BC68E79D-26E1-4B4E-BAEF-9A4C5235F0EB} = {FAF023F1-ADB4-455B-BAAF-D226F54E0E5C}
		{28483BAB-8378-456D-A309-C5164B4FB4AD} = {FAF023F1-ADB4-455B-BAAF-D226F54E0E5C}
	EndGlobalSection
EndGlobal
